
Microsoft Visual Studio Solution File, Format Version 12.00
# Visual Studio 14
VisualStudioVersion = 14.0.25123.0
MinimumVisualStudioVersion = 10.0.40219.1
Project("{FAE04EC0-301F-11D3-BF4B-00C04F79EFBC}") = "OD.Data", "OD.Data\OD.Data.csproj", "{4B8160FE-66AF-40BA-A6FE-530653AE45EA}"
EndProject
Project("{FAE04EC0-301F-11D3-BF4B-00C04F79EFBC}") = "OD.IO", "OD.IO\OD.IO.csproj", "{C4F2BCDD-210B-4263-9A40-F37B8EAA24A0}"
EndProject
Project("{FAE04EC0-301F-11D3-BF4B-00C04F79EFBC}") = "TestCase", "TestCase\TestCase.csproj", "{E09825B8-963F-4DAA-BF8D-1B375447E4EE}"
EndProject
Global
	GlobalSection(SolutionConfigurationPlatforms) = preSolution
		Debug|Any CPU = Debug|Any CPU
		Debug|ARM = Debug|ARM
		Debug|x64 = Debug|x64
		Debug|x86 = Debug|x86
		Release|Any CPU = Release|Any CPU
		Release|ARM = Release|ARM
		Release|x64 = Release|x64
		Release|x86 = Release|x86
	EndGlobalSection
	GlobalSection(ProjectConfigurationPlatforms) = postSolution
		{4B8160FE-66AF-40BA-A6FE-530653AE45EA}.Debug|Any CPU.ActiveCfg = Debug|Any CPU
		{4B8160FE-66AF-40BA-A6FE-530653AE45EA}.Debug|Any CPU.Build.0 = Debug|Any CPU
		{4B8160FE-66AF-40BA-A6FE-530653AE45EA}.Debug|ARM.ActiveCfg = Debug|ARM
		{4B8160FE-66AF-40BA-A6FE-530653AE45EA}.Debug|ARM.Build.0 = Debug|ARM
		{4B8160FE-66AF-40BA-A6FE-530653AE45EA}.Debug|x64.ActiveCfg = Debug|x64
		{4B8160FE-66AF-40BA-A6FE-530653AE45EA}.Debug|x64.Build.0 = Debug|x64
		{4B8160FE-66AF-40BA-A6FE-530653AE45EA}.Debug|x86.ActiveCfg = Debug|x86
		{4B8160FE-66AF-40BA-A6FE-530653AE45EA}.Debug|x86.Build.0 = Debug|x86
		{4B8160FE-66AF-40BA-A6FE-530653AE45EA}.Release|Any CPU.ActiveCfg = Release|Any CPU
		{4B8160FE-66AF-40BA-A6FE-530653AE45EA}.Release|Any CPU.Build.0 = Release|Any CPU
		{4B8160FE-66AF-40BA-A6FE-530653AE45EA}.Release|ARM.ActiveCfg = Release|ARM
		{4B8160FE-66AF-40BA-A6FE-530653AE45EA}.Release|ARM.Build.0 = Release|ARM
		{4B8160FE-66AF-40BA-A6FE-530653AE45EA}.Release|x64.ActiveCfg = Release|x64
		{4B8160FE-66AF-40BA-A6FE-530653AE45EA}.Release|x64.Build.0 = Release|x64
		{4B8160FE-66AF-40BA-A6FE-530653AE45EA}.Release|x86.ActiveCfg = Release|x86
		{4B8160FE-66AF-40BA-A6FE-530653AE45EA}.Release|x86.Build.0 = Release|x86
		{C4F2BCDD-210B-4263-9A40-F37B8EAA24A0}.Debug|Any CPU.ActiveCfg = Debug|Any CPU
		{C4F2BCDD-210B-4263-9A40-F37B8EAA24A0}.Debug|Any CPU.Build.0 = Debug|Any CPU
		{C4F2BCDD-210B-4263-9A40-F37B8EAA24A0}.Debug|ARM.ActiveCfg = Debug|Any CPU
		{C4F2BCDD-210B-4263-9A40-F37B8EAA24A0}.Debug|ARM.Build.0 = Debug|Any CPU
		{C4F2BCDD-210B-4263-9A40-F37B8EAA24A0}.Debug|x64.ActiveCfg = Debug|Any CPU
		{C4F2BCDD-210B-4263-9A40-F37B8EAA24A0}.Debug|x64.Build.0 = Debug|Any CPU
		{C4F2BCDD-210B-4263-9A40-F37B8EAA24A0}.Debug|x86.ActiveCfg = Debug|Any CPU
		{C4F2BCDD-210B-4263-9A40-F37B8EAA24A0}.Debug|x86.Build.0 = Debug|Any CPU
		{C4F2BCDD-210B-4263-9A40-F37B8EAA24A0}.Release|Any CPU.ActiveCfg = Release|Any CPU
		{C4F2BCDD-210B-4263-9A40-F37B8EAA24A0}.Release|Any CPU.Build.0 = Release|Any CPU
		{C4F2BCDD-210B-4263-9A40-F37B8EAA24A0}.Release|ARM.ActiveCfg = Release|Any CPU
		{C4F2BCDD-210B-4263-9A40-F37B8EAA24A0}.Release|ARM.Build.0 = Release|Any CPU
		{C4F2BCDD-210B-4263-9A40-F37B8EAA24A0}.Release|x64.ActiveCfg = Release|Any CPU
		{C4F2BCDD-210B-4263-9A40-F37B8EAA24A0}.Release|x64.Build.0 = Release|Any CPU
		{C4F2BCDD-210B-4263-9A40-F37B8EAA24A0}.Release|x86.ActiveCfg = Release|Any CPU
		{C4F2BCDD-210B-4263-9A40-F37B8EAA24A0}.Release|x86.Build.0 = Release|Any CPU
		{E09825B8-963F-4DAA-BF8D-1B375447E4EE}.Debug|Any CPU.ActiveCfg = Debug|Any CPU
		{E09825B8-963F-4DAA-BF8D-1B375447E4EE}.Debug|Any CPU.Build.0 = Debug|Any CPU
		{E09825B8-963F-4DAA-BF8D-1B375447E4EE}.Debug|ARM.ActiveCfg = Debug|Any CPU
		{E09825B8-963F-4DAA-BF8D-1B375447E4EE}.Debug|ARM.Build.0 = Debug|Any CPU
		{E09825B8-963F-4DAA-BF8D-1B375447E4EE}.Debug|x64.ActiveCfg = Debug|Any CPU
		{E09825B8-963F-4DAA-BF8D-1B375447E4EE}.Debug|x64.Build.0 = Debug|Any CPU
		{E09825B8-963F-4DAA-BF8D-1B375447E4EE}.Debug|x86.ActiveCfg = Debug|Any CPU
		{E09825B8-963F-4DAA-BF8D-1B375447E4EE}.Debug|x86.Build.0 = Debug|Any CPU
		{E09825B8-963F-4DAA-BF8D-1B375447E4EE}.Release|Any CPU.ActiveCfg = Release|Any CPU
		{E09825B8-963F-4DAA-BF8D-1B375447E4EE}.Release|Any CPU.Build.0 = Release|Any CPU
		{E09825B8-963F-4DAA-BF8D-1B375447E4EE}.Release|ARM.ActiveCfg = Release|Any CPU
		{E09825B8-963F-4DAA-BF8D-1B375447E4EE}.Release|ARM.Build.0 = Release|Any CPU
		{E09825B8-963F-4DAA-BF8D-1B375447E4EE}.Release|x64.ActiveCfg = Release|Any CPU
		{E09825B8-963F-4DAA-BF8D-1B375447E4EE}.Release|x64.Build.0 = Release|Any CPU
		{E09825B8-963F-4DAA-BF8D-1B375447E4EE}.Release|x86.ActiveCfg = Release|Any CPU
		{E09825B8-963F-4DAA-BF8D-1B375447E4EE}.Release|x86.Build.0 = Release|Any CPU
	EndGlobalSection
	GlobalSection(SolutionProperties) = preSolution
		HideSolutionNode = FALSE
	EndGlobalSection
EndGlobal
